{
  "name": "forumia",
  "lockfileVersion": 3,
  "requires": true,
  "packages": {
    "": {
      "name": "forumia",
      "devDependencies": {
        "@types/rails__actioncable": "^6.1.11"
      }
    },
    "node_modules/@types/rails__actioncable": {
      "version": "6.1.11",
      "resolved": "https://registry.npmjs.org/@types/rails__actioncable/-/rails__actioncable-6.1.11.tgz",
      "integrity": "sha512-L6A3Rg6sGsv2cqalOgdOmyFvL1Pw69Mg0WuG6NtY9chzabhtkiSFY5fczo72mqRGezrMvl0Jy80v+N719CW+Tg==",
      "dev": true,
      "license": "MIT"
    }
  }
}
